
Microsoft Visual Studio Solution File, Format Version 12.00
# Visual Studio Version 17
VisualStudioVersion = 17.0.31903.59
MinimumVisualStudioVersion = 10.0.40219.1
Project("{FAE04EC0-301F-11D3-BF4B-00C04F79EFBC}") = "demographic_data", "demographic_data\demographic_data.csproj", "{416130B1-A5E9-4919-8401-6B30CF338D87}"
EndProject
Project("{FAE04EC0-301F-11D3-BF4B-00C04F79EFBC}") = "demographic_data.API", "demographic_data.API\demographic_data.API.csproj", "{F09B6D63-35DA-4121-B88E-7E82BACBD8F6}"
EndProject
Project("{FAE04EC0-301F-11D3-BF4B-00C04F79EFBC}") = "demographic_data.Domain", "demographic_data.Domain\demographic_data.Domain.csproj", "{254D96D8-9FA5-4E35-9709-FE6BC6C1BE7F}"
EndProject
Project("{FAE04EC0-301F-11D3-BF4B-00C04F79EFBC}") = "demographic_data.Infrastructure", "demographic_data.Infrastructure\demographic_data.Infrastructure.csproj", "{181AB7F4-1A07-4642-982F-A969CD46A523}"
EndProject
Global
	GlobalSection(SolutionConfigurationPlatforms) = preSolution
		Debug|Any CPU = Debug|Any CPU
		Release|Any CPU = Release|Any CPU
	EndGlobalSection
	GlobalSection(ProjectConfigurationPlatforms) = postSolution
		{416130B1-A5E9-4919-8401-6B30CF338D87}.Debug|Any CPU.ActiveCfg = Debug|Any CPU
		{416130B1-A5E9-4919-8401-6B30CF338D87}.Debug|Any CPU.Build.0 = Debug|Any CPU
		{416130B1-A5E9-4919-8401-6B30CF338D87}.Release|Any CPU.ActiveCfg = Release|Any CPU
		{416130B1-A5E9-4919-8401-6B30CF338D87}.Release|Any CPU.Build.0 = Release|Any CPU
		{F09B6D63-35DA-4121-B88E-7E82BACBD8F6}.Debug|Any CPU.ActiveCfg = Debug|Any CPU
		{F09B6D63-35DA-4121-B88E-7E82BACBD8F6}.Debug|Any CPU.Build.0 = Debug|Any CPU
		{F09B6D63-35DA-4121-B88E-7E82BACBD8F6}.Release|Any CPU.ActiveCfg = Release|Any CPU
		{F09B6D63-35DA-4121-B88E-7E82BACBD8F6}.Release|Any CPU.Build.0 = Release|Any CPU
		{254D96D8-9FA5-4E35-9709-FE6BC6C1BE7F}.Debug|Any CPU.ActiveCfg = Debug|Any CPU
		{254D96D8-9FA5-4E35-9709-FE6BC6C1BE7F}.Debug|Any CPU.Build.0 = Debug|Any CPU
		{254D96D8-9FA5-4E35-9709-FE6BC6C1BE7F}.Release|Any CPU.ActiveCfg = Release|Any CPU
		{254D96D8-9FA5-4E35-9709-FE6BC6C1BE7F}.Release|Any CPU.Build.0 = Release|Any CPU
		{181AB7F4-1A07-4642-982F-A969CD46A523}.Debug|Any CPU.ActiveCfg = Debug|Any CPU
		{181AB7F4-1A07-4642-982F-A969CD46A523}.Debug|Any CPU.Build.0 = Debug|Any CPU
		{181AB7F4-1A07-4642-982F-A969CD46A523}.Release|Any CPU.ActiveCfg = Release|Any CPU
		{181AB7F4-1A07-4642-982F-A969CD46A523}.Release|Any CPU.Build.0 = Release|Any CPU
	EndGlobalSection
	GlobalSection(SolutionProperties) = preSolution
		HideSolutionNode = FALSE
	EndGlobalSection
EndGlobal
